
Microsoft Visual Studio Solution File, Format Version 12.00
# Visual Studio 15
VisualStudioVersion = 15.0.28010.2046
MinimumVisualStudioVersion = 10.0.40219.1
Project("{FAE04EC0-301F-11D3-BF4B-00C04F79EFBC}") = "ProjektC1", "ProjektC1\ProjektC1.csproj", "{73672A2D-7C89-470E-9CFD-FF39484FBCD7}"
EndProject
Project("{FAE04EC0-301F-11D3-BF4B-00C04F79EFBC}") = "MojaBiblioteka2", "MojaBiblioteka2\MojaBiblioteka2.csproj", "{6E297664-956A-48C9-9BAF-2763FE3C14CC}"
EndProject
Global
	GlobalSection(SolutionConfigurationPlatforms) = preSolution
		Debug|Any CPU = Debug|Any CPU
		Release|Any CPU = Release|Any CPU
	EndGlobalSection
	GlobalSection(ProjectConfigurationPlatforms) = postSolution
		{73672A2D-7C89-470E-9CFD-FF39484FBCD7}.Debug|Any CPU.ActiveCfg = Debug|Any CPU
		{73672A2D-7C89-470E-9CFD-FF39484FBCD7}.Debug|Any CPU.Build.0 = Debug|Any CPU
		{73672A2D-7C89-470E-9CFD-FF39484FBCD7}.Release|Any CPU.ActiveCfg = Release|Any CPU
		{73672A2D-7C89-470E-9CFD-FF39484FBCD7}.Release|Any CPU.Build.0 = Release|Any CPU
		{6E297664-956A-48C9-9BAF-2763FE3C14CC}.Debug|Any CPU.ActiveCfg = Debug|Any CPU
		{6E297664-956A-48C9-9BAF-2763FE3C14CC}.Debug|Any CPU.Build.0 = Debug|Any CPU
		{6E297664-956A-48C9-9BAF-2763FE3C14CC}.Release|Any CPU.ActiveCfg = Release|Any CPU
		{6E297664-956A-48C9-9BAF-2763FE3C14CC}.Release|Any CPU.Build.0 = Release|Any CPU
	EndGlobalSection
	GlobalSection(SolutionProperties) = preSolution
		HideSolutionNode = FALSE
	EndGlobalSection
	GlobalSection(ExtensibilityGlobals) = postSolution
		SolutionGuid = {0A048410-EDCB-4F86-938B-167E71193FF5}
	EndGlobalSection
EndGlobal
